
Microsoft Visual Studio Solution File, Format Version 12.00
# Visual Studio 14
VisualStudioVersion = 14.0.25420.1
MinimumVisualStudioVersion = 10.0.40219.1
Project("{FAE04EC0-301F-11D3-BF4B-00C04F79EFBC}") = "CommonObjects", "Common Objects\CommonObjects.csproj", "{C0B4FEC6-275A-4574-BCC4-A06CDCEDCA3F}"
EndProject
Project("{FAE04EC0-301F-11D3-BF4B-00C04F79EFBC}") = "WCFServiceHost", "WCFConnection\WCFServiceHost.csproj", "{5D0DAD49-ED91-46EA-A556-E5196C30436C}"
EndProject
Project("{FAE04EC0-301F-11D3-BF4B-00C04F79EFBC}") = "DDFDataFeed", "DDFDataFeed\DDFDataFeed.csproj", "{0919D7E3-EC9C-4A92-9BDB-9444256C4C25}"
EndProject
Project("{FAE04EC0-301F-11D3-BF4B-00C04F79EFBC}") = "RandomDataFeed", "RandomDataFeed\RandomDataFeed.csproj", "{81ADDCEB-BBAE-49FA-BDB8-A3584910CF82}"
EndProject
Project("{FAE04EC0-301F-11D3-BF4B-00C04F79EFBC}") = "DataServer", "DataServer\DataServer.csproj", "{2AB644E0-9C23-40E1-951A-024E907F0A99}"
EndProject
Project("{FAE04EC0-301F-11D3-BF4B-00C04F79EFBC}") = "ServerClasses", "ServerClasses\ServerClasses.csproj", "{EBF16E6A-1778-437F-8E3A-7C414DE92B29}"
	ProjectSection(ProjectDependencies) = postProject
		{C0B4FEC6-275A-4574-BCC4-A06CDCEDCA3F} = {C0B4FEC6-275A-4574-BCC4-A06CDCEDCA3F}
	EndProjectSection
EndProject
Project("{FAE04EC0-301F-11D3-BF4B-00C04F79EFBC}") = "WebSocketsService", "WebSocketsService\WebSocketsService.csproj", "{D61BDE25-3863-4838-8DB4-FB3072E631FE}"
EndProject
Project("{FAE04EC0-301F-11D3-BF4B-00C04F79EFBC}") = "TestClient", "TestClient\TestClient.csproj", "{CF40D98D-D633-4F00-9AEE-AC34B51B2860}"
EndProject
Project("{FAE04EC0-301F-11D3-BF4B-00C04F79EFBC}") = "Extensions", "Extensions\Extensions.csproj", "{81179536-B485-4517-BADC-6DB2E0027FC4}"
EndProject
Project("{FAE04EC0-301F-11D3-BF4B-00C04F79EFBC}") = "TestWebSocketClient", "TestWebSocketClient\TestWebSocketClient.csproj", "{562F551B-1DCC-483C-8A46-A2105E006BD5}"
EndProject
Global
	GlobalSection(SolutionConfigurationPlatforms) = preSolution
		Debug|Any CPU = Debug|Any CPU
		Debug|Mixed Platforms = Debug|Mixed Platforms
		Debug|x86 = Debug|x86
		Release|Any CPU = Release|Any CPU
		Release|Mixed Platforms = Release|Mixed Platforms
		Release|x86 = Release|x86
	EndGlobalSection
	GlobalSection(ProjectConfigurationPlatforms) = postSolution
		{C0B4FEC6-275A-4574-BCC4-A06CDCEDCA3F}.Debug|Any CPU.ActiveCfg = Debug|Any CPU
		{C0B4FEC6-275A-4574-BCC4-A06CDCEDCA3F}.Debug|Any CPU.Build.0 = Debug|Any CPU
		{C0B4FEC6-275A-4574-BCC4-A06CDCEDCA3F}.Debug|Mixed Platforms.ActiveCfg = Debug|Any CPU
		{C0B4FEC6-275A-4574-BCC4-A06CDCEDCA3F}.Debug|Mixed Platforms.Build.0 = Debug|Any CPU
		{C0B4FEC6-275A-4574-BCC4-A06CDCEDCA3F}.Debug|x86.ActiveCfg = Debug|x86
		{C0B4FEC6-275A-4574-BCC4-A06CDCEDCA3F}.Debug|x86.Build.0 = Debug|x86
		{C0B4FEC6-275A-4574-BCC4-A06CDCEDCA3F}.Release|Any CPU.ActiveCfg = Release|Any CPU
		{C0B4FEC6-275A-4574-BCC4-A06CDCEDCA3F}.Release|Any CPU.Build.0 = Release|Any CPU
		{C0B4FEC6-275A-4574-BCC4-A06CDCEDCA3F}.Release|Mixed Platforms.ActiveCfg = Release|Any CPU
		{C0B4FEC6-275A-4574-BCC4-A06CDCEDCA3F}.Release|Mixed Platforms.Build.0 = Release|Any CPU
		{C0B4FEC6-275A-4574-BCC4-A06CDCEDCA3F}.Release|x86.ActiveCfg = Release|x86
		{C0B4FEC6-275A-4574-BCC4-A06CDCEDCA3F}.Release|x86.Build.0 = Release|x86
		{5D0DAD49-ED91-46EA-A556-E5196C30436C}.Debug|Any CPU.ActiveCfg = Debug|Any CPU
		{5D0DAD49-ED91-46EA-A556-E5196C30436C}.Debug|Any CPU.Build.0 = Debug|Any CPU
		{5D0DAD49-ED91-46EA-A556-E5196C30436C}.Debug|Mixed Platforms.ActiveCfg = Debug|Any CPU
		{5D0DAD49-ED91-46EA-A556-E5196C30436C}.Debug|Mixed Platforms.Build.0 = Debug|Any CPU
		{5D0DAD49-ED91-46EA-A556-E5196C30436C}.Debug|x86.ActiveCfg = Debug|x86
		{5D0DAD49-ED91-46EA-A556-E5196C30436C}.Debug|x86.Build.0 = Debug|x86
		{5D0DAD49-ED91-46EA-A556-E5196C30436C}.Release|Any CPU.ActiveCfg = Release|Any CPU
		{5D0DAD49-ED91-46EA-A556-E5196C30436C}.Release|Any CPU.Build.0 = Release|Any CPU
		{5D0DAD49-ED91-46EA-A556-E5196C30436C}.Release|Mixed Platforms.ActiveCfg = Release|Any CPU
		{5D0DAD49-ED91-46EA-A556-E5196C30436C}.Release|Mixed Platforms.Build.0 = Release|Any CPU
		{5D0DAD49-ED91-46EA-A556-E5196C30436C}.Release|x86.ActiveCfg = Release|x86
		{5D0DAD49-ED91-46EA-A556-E5196C30436C}.Release|x86.Build.0 = Release|x86
		{0919D7E3-EC9C-4A92-9BDB-9444256C4C25}.Debug|Any CPU.ActiveCfg = Debug|Any CPU
		{0919D7E3-EC9C-4A92-9BDB-9444256C4C25}.Debug|Any CPU.Build.0 = Debug|Any CPU
		{0919D7E3-EC9C-4A92-9BDB-9444256C4C25}.Debug|Mixed Platforms.ActiveCfg = Debug|Any CPU
		{0919D7E3-EC9C-4A92-9BDB-9444256C4C25}.Debug|Mixed Platforms.Build.0 = Debug|Any CPU
		{0919D7E3-EC9C-4A92-9BDB-9444256C4C25}.Debug|x86.ActiveCfg = Debug|x86
		{0919D7E3-EC9C-4A92-9BDB-9444256C4C25}.Debug|x86.Build.0 = Debug|x86
		{0919D7E3-EC9C-4A92-9BDB-9444256C4C25}.Release|Any CPU.ActiveCfg = Release|Any CPU
		{0919D7E3-EC9C-4A92-9BDB-9444256C4C25}.Release|Any CPU.Build.0 = Release|Any CPU
		{0919D7E3-EC9C-4A92-9BDB-9444256C4C25}.Release|Mixed Platforms.ActiveCfg = Release|Any CPU
		{0919D7E3-EC9C-4A92-9BDB-9444256C4C25}.Release|Mixed Platforms.Build.0 = Release|Any CPU
		{0919D7E3-EC9C-4A92-9BDB-9444256C4C25}.Release|x86.ActiveCfg = Release|x86
		{0919D7E3-EC9C-4A92-9BDB-9444256C4C25}.Release|x86.Build.0 = Release|x86
		{81ADDCEB-BBAE-49FA-BDB8-A3584910CF82}.Debug|Any CPU.ActiveCfg = Debug|Any CPU
		{81ADDCEB-BBAE-49FA-BDB8-A3584910CF82}.Debug|Any CPU.Build.0 = Debug|Any CPU
		{81ADDCEB-BBAE-49FA-BDB8-A3584910CF82}.Debug|Mixed Platforms.ActiveCfg = Debug|Any CPU
		{81ADDCEB-BBAE-49FA-BDB8-A3584910CF82}.Debug|Mixed Platforms.Build.0 = Debug|Any CPU
		{81ADDCEB-BBAE-49FA-BDB8-A3584910CF82}.Debug|x86.ActiveCfg = Debug|x86
		{81ADDCEB-BBAE-49FA-BDB8-A3584910CF82}.Debug|x86.Build.0 = Debug|x86
		{81ADDCEB-BBAE-49FA-BDB8-A3584910CF82}.Release|Any CPU.ActiveCfg = Release|Any CPU
		{81ADDCEB-BBAE-49FA-BDB8-A3584910CF82}.Release|Any CPU.Build.0 = Release|Any CPU
		{81ADDCEB-BBAE-49FA-BDB8-A3584910CF82}.Release|Mixed Platforms.ActiveCfg = Release|Any CPU
		{81ADDCEB-BBAE-49FA-BDB8-A3584910CF82}.Release|Mixed Platforms.Build.0 = Release|Any CPU
		{81ADDCEB-BBAE-49FA-BDB8-A3584910CF82}.Release|x86.ActiveCfg = Release|x86
		{81ADDCEB-BBAE-49FA-BDB8-A3584910CF82}.Release|x86.Build.0 = Release|x86
		{2AB644E0-9C23-40E1-951A-024E907F0A99}.Debug|Any CPU.ActiveCfg = Debug|Any CPU
		{2AB644E0-9C23-40E1-951A-024E907F0A99}.Debug|Any CPU.Build.0 = Debug|Any CPU
		{2AB644E0-9C23-40E1-951A-024E907F0A99}.Debug|Mixed Platforms.ActiveCfg = Debug|Any CPU
		{2AB644E0-9C23-40E1-951A-024E907F0A99}.Debug|Mixed Platforms.Build.0 = Debug|Any CPU
		{2AB644E0-9C23-40E1-951A-024E907F0A99}.Debug|x86.ActiveCfg = Debug|x86
		{2AB644E0-9C23-40E1-951A-024E907F0A99}.Debug|x86.Build.0 = Debug|x86
		{2AB644E0-9C23-40E1-951A-024E907F0A99}.Release|Any CPU.ActiveCfg = Release|Any CPU
		{2AB644E0-9C23-40E1-951A-024E907F0A99}.Release|Any CPU.Build.0 = Release|Any CPU
		{2AB644E0-9C23-40E1-951A-024E907F0A99}.Release|Mixed Platforms.ActiveCfg = Release|Any CPU
		{2AB644E0-9C23-40E1-951A-024E907F0A99}.Release|Mixed Platforms.Build.0 = Release|Any CPU
		{2AB644E0-9C23-40E1-951A-024E907F0A99}.Release|x86.ActiveCfg = Release|x86
		{2AB644E0-9C23-40E1-951A-024E907F0A99}.Release|x86.Build.0 = Release|x86
		{EBF16E6A-1778-437F-8E3A-7C414DE92B29}.Debug|Any CPU.ActiveCfg = Debug|Any CPU
		{EBF16E6A-1778-437F-8E3A-7C414DE92B29}.Debug|Any CPU.Build.0 = Debug|Any CPU
		{EBF16E6A-1778-437F-8E3A-7C414DE92B29}.Debug|Mixed Platforms.ActiveCfg = Debug|Any CPU
		{EBF16E6A-1778-437F-8E3A-7C414DE92B29}.Debug|Mixed Platforms.Build.0 = Debug|Any CPU
		{EBF16E6A-1778-437F-8E3A-7C414DE92B29}.Debug|x86.ActiveCfg = Debug|x86
		{EBF16E6A-1778-437F-8E3A-7C414DE92B29}.Debug|x86.Build.0 = Debug|x86
		{EBF16E6A-1778-437F-8E3A-7C414DE92B29}.Release|Any CPU.ActiveCfg = Release|Any CPU
		{EBF16E6A-1778-437F-8E3A-7C414DE92B29}.Release|Any CPU.Build.0 = Release|Any CPU
		{EBF16E6A-1778-437F-8E3A-7C414DE92B29}.Release|Mixed Platforms.ActiveCfg = Release|Any CPU
		{EBF16E6A-1778-437F-8E3A-7C414DE92B29}.Release|Mixed Platforms.Build.0 = Release|Any CPU
		{EBF16E6A-1778-437F-8E3A-7C414DE92B29}.Release|x86.ActiveCfg = Release|x86
		{EBF16E6A-1778-437F-8E3A-7C414DE92B29}.Release|x86.Build.0 = Release|x86
		{D61BDE25-3863-4838-8DB4-FB3072E631FE}.Debug|Any CPU.ActiveCfg = Debug|Any CPU
		{D61BDE25-3863-4838-8DB4-FB3072E631FE}.Debug|Any CPU.Build.0 = Debug|Any CPU
		{D61BDE25-3863-4838-8DB4-FB3072E631FE}.Debug|Mixed Platforms.ActiveCfg = Debug|Any CPU
		{D61BDE25-3863-4838-8DB4-FB3072E631FE}.Debug|Mixed Platforms.Build.0 = Debug|Any CPU
		{D61BDE25-3863-4838-8DB4-FB3072E631FE}.Debug|x86.ActiveCfg = Debug|x86
		{D61BDE25-3863-4838-8DB4-FB3072E631FE}.Debug|x86.Build.0 = Debug|x86
		{D61BDE25-3863-4838-8DB4-FB3072E631FE}.Release|Any CPU.ActiveCfg = Release|Any CPU
		{D61BDE25-3863-4838-8DB4-FB3072E631FE}.Release|Any CPU.Build.0 = Release|Any CPU
		{D61BDE25-3863-4838-8DB4-FB3072E631FE}.Release|Mixed Platforms.ActiveCfg = Release|Any CPU
		{D61BDE25-3863-4838-8DB4-FB3072E631FE}.Release|Mixed Platforms.Build.0 = Release|Any CPU
		{D61BDE25-3863-4838-8DB4-FB3072E631FE}.Release|x86.ActiveCfg = Release|x86
		{D61BDE25-3863-4838-8DB4-FB3072E631FE}.Release|x86.Build.0 = Release|x86
		{CF40D98D-D633-4F00-9AEE-AC34B51B2860}.Debug|Any CPU.ActiveCfg = Debug|Any CPU
		{CF40D98D-D633-4F00-9AEE-AC34B51B2860}.Debug|Any CPU.Build.0 = Debug|Any CPU
		{CF40D98D-D633-4F00-9AEE-AC34B51B2860}.Debug|Mixed Platforms.ActiveCfg = Debug|Any CPU
		{CF40D98D-D633-4F00-9AEE-AC34B51B2860}.Debug|Mixed Platforms.Build.0 = Debug|Any CPU
		{CF40D98D-D633-4F00-9AEE-AC34B51B2860}.Debug|x86.ActiveCfg = Debug|x86
		{CF40D98D-D633-4F00-9AEE-AC34B51B2860}.Debug|x86.Build.0 = Debug|x86
		{CF40D98D-D633-4F00-9AEE-AC34B51B2860}.Release|Any CPU.ActiveCfg = Release|Any CPU
		{CF40D98D-D633-4F00-9AEE-AC34B51B2860}.Release|Any CPU.Build.0 = Release|Any CPU
		{CF40D98D-D633-4F00-9AEE-AC34B51B2860}.Release|Mixed Platforms.ActiveCfg = Release|Any CPU
		{CF40D98D-D633-4F00-9AEE-AC34B51B2860}.Release|Mixed Platforms.Build.0 = Release|Any CPU
		{CF40D98D-D633-4F00-9AEE-AC34B51B2860}.Release|x86.ActiveCfg = Release|x86
		{CF40D98D-D633-4F00-9AEE-AC34B51B2860}.Release|x86.Build.0 = Release|x86
		{81179536-B485-4517-BADC-6DB2E0027FC4}.Debug|Any CPU.ActiveCfg = Debug|Any CPU
		{81179536-B485-4517-BADC-6DB2E0027FC4}.Debug|Any CPU.Build.0 = Debug|Any CPU
		{81179536-B485-4517-BADC-6DB2E0027FC4}.Debug|Mixed Platforms.ActiveCfg = Debug|Any CPU
		{81179536-B485-4517-BADC-6DB2E0027FC4}.Debug|Mixed Platforms.Build.0 = Debug|Any CPU
		{81179536-B485-4517-BADC-6DB2E0027FC4}.Debug|x86.ActiveCfg = Debug|Any CPU
		{81179536-B485-4517-BADC-6DB2E0027FC4}.Release|Any CPU.ActiveCfg = Release|Any CPU
		{81179536-B485-4517-BADC-6DB2E0027FC4}.Release|Any CPU.Build.0 = Release|Any CPU
		{81179536-B485-4517-BADC-6DB2E0027FC4}.Release|Mixed Platforms.ActiveCfg = Release|Any CPU
		{81179536-B485-4517-BADC-6DB2E0027FC4}.Release|Mixed Platforms.Build.0 = Release|Any CPU
		{81179536-B485-4517-BADC-6DB2E0027FC4}.Release|x86.ActiveCfg = Release|Any CPU
		{562F551B-1DCC-483C-8A46-A2105E006BD5}.Debug|Any CPU.ActiveCfg = Debug|Any CPU
		{562F551B-1DCC-483C-8A46-A2105E006BD5}.Debug|Any CPU.Build.0 = Debug|Any CPU
		{562F551B-1DCC-483C-8A46-A2105E006BD5}.Debug|Mixed Platforms.ActiveCfg = Debug|Any CPU
		{562F551B-1DCC-483C-8A46-A2105E006BD5}.Debug|Mixed Platforms.Build.0 = Debug|Any CPU
		{562F551B-1DCC-483C-8A46-A2105E006BD5}.Debug|x86.ActiveCfg = Debug|Any CPU
		{562F551B-1DCC-483C-8A46-A2105E006BD5}.Release|Any CPU.ActiveCfg = Release|Any CPU
		{562F551B-1DCC-483C-8A46-A2105E006BD5}.Release|Any CPU.Build.0 = Release|Any CPU
		{562F551B-1DCC-483C-8A46-A2105E006BD5}.Release|Mixed Platforms.ActiveCfg = Release|Any CPU
		{562F551B-1DCC-483C-8A46-A2105E006BD5}.Release|Mixed Platforms.Build.0 = Release|Any CPU
		{562F551B-1DCC-483C-8A46-A2105E006BD5}.Release|x86.ActiveCfg = Release|Any CPU
	EndGlobalSection
	GlobalSection(SolutionProperties) = preSolution
		HideSolutionNode = FALSE
	EndGlobalSection
EndGlobal
